<?xml version="1.0" encoding="utf-8"?>
<Project ToolsVersion="4.0" xmlns="http://schemas.microsoft.com/developer/msbuild/2003">
  <ItemGroup>
    <Filter Include="Source Files">
      <UniqueIdentifier>{4FC737F1-C7A5-4376-A066-2A32D752A2FF}</UniqueIdentifier>
      <Extensions>cpp;c;cc;cxx;def;odl;idl;hpj;bat;asm;asmx</Extensions>
    </Filter>
    <Filter Include="Header Files">
      <UniqueIdentifier>{93995380-89BD-4b04-88EB-625FBE52EBFB}</UniqueIdentifier>
      <Extensions>h;hpp;hxx;hm;inl;inc;xsd</Extensions>
    </Filter>
  </ItemGroup>
  <ItemGroup>
    <None Include="rcrover.ino" />
  </ItemGroup>
  <ItemGroup>
    <ClInclude Include="rover_chassic.h">
      <Filter>Header Files</Filter>
    </ClInclude>
    <ClInclude Include="rover_telemetry.h">
      <Filter>Header Files</Filter>
    </ClInclude>
    <ClInclude Include="servo.h">
      <Filter>Header Files</Filter>
    </ClInclude>
    <ClInclude Include="rover_commanding.h">
      <Filter>Header Files</Filter>
    </ClInclude>
    <ClInclude Include="rover_logic.h">
      <Filter>Header Files</Filter>
    </ClInclude>
    <ClInclude Include="rover_logic_CollisionPrevention.h">
      <Filter>Header Files</Filter>
    </ClInclude>
    <ClInclude Include="rover_chassic_CameraMount.h">
      <Filter>Header Files</Filter>
    </ClInclude>
    <ClInclude Include="rover_chassic_MobilePlatform.h">
      <Filter>Header Files</Filter>
    </ClInclude>
    <ClInclude Include="rover_chassic_MobilePlatformConfig.h">
      <Filter>Header Files</Filter>
    </ClInclude>
    <ClInclude Include="rover_chassic_Motor.h">
      <Filter>Header Files</Filter>
    </ClInclude>
    <ClInclude Include="rover_chassic_RangingSensor.h">
      <Filter>Header Files</Filter>
    </ClInclude>
    <ClInclude Include="rover_commanding_CameraMountCommandInterpreter.h">
      <Filter>Header Files</Filter>
    </ClInclude>
    <ClInclude Include="rover_commanding_ChassicCommandInterpreter.h">
      <Filter>Header Files</Filter>
    </ClInclude>
    <ClInclude Include="rover_commanding_Command.h">
      <Filter>Header Files</Filter>
    </ClInclude>
    <ClInclude Include="rover_commanding_CommandInterpreter.h">
      <Filter>Header Files</Filter>
    </ClInclude>
    <ClInclude Include="rover_commanding_CommandParser.h">
      <Filter>Header Files</Filter>
    </ClInclude>
    <ClInclude Include="rover_commanding_CommandReader.h">
      <Filter>Header Files</Filter>
    </ClInclude>
    <ClInclude Include="rover_commanding_SensorCommandInterpreter.h">
      <Filter>Header Files</Filter>
    </ClInclude>
    <ClInclude Include="rover_commanding_CompositeCommandInterpreter.h">
      <Filter>Header Files</Filter>
    </ClInclude>
    <ClInclude Include="rover_telemetry_Channel.h">
      <Filter>Header Files</Filter>
    </ClInclude>
    <ClInclude Include="rover_telemetry_CmdReplyTelemetryMessage.h">
      <Filter>Header Files</Filter>
    </ClInclude>
    <ClInclude Include="rover_telemetry_DistanceTelemetryMessage.h">
      <Filter>Header Files</Filter>
    </ClInclude>
    <ClInclude Include="rover_telemetry_Logger.h">
      <Filter>Header Files</Filter>
    </ClInclude>
    <ClInclude Include="rover_telemetry_LogSeverity.h">
      <Filter>Header Files</Filter>
    </ClInclude>
    <ClInclude Include="rover_telemetry_LogTelemetryMessage.h">
      <Filter>Header Files</Filter>
    </ClInclude>
    <ClInclude Include="rover_telemetry_TelemetryMessage.h">
      <Filter>Header Files</Filter>
    </ClInclude>
    <ClInclude Include="rover_telemetry_UartChannel.h">
      <Filter>Header Files</Filter>
    </ClInclude>
    <ClInclude Include="Visual Micro\.rcrover.vsarduino.h">
      <Filter>Header Files</Filter>
    </ClInclude>
  </ItemGroup>
  <ItemGroup>
    <ClCompile Include="servo.cpp">
      <Filter>Source Files</Filter>
    </ClCompile>
    <ClCompile Include="rover_logic_CollisionPrevention.cpp">
      <Filter>Source Files</Filter>
    </ClCompile>
    <ClCompile Include="rover_chassic_CameraMount.cpp">
      <Filter>Source Files</Filter>
    </ClCompile>
    <ClCompile Include="rover_chassic_MobilePlatform.cpp">
      <Filter>Source Files</Filter>
    </ClCompile>
    <ClCompile Include="rover_chassic_MobilePlatformConfig.cpp">
      <Filter>Source Files</Filter>
    </ClCompile>
    <ClCompile Include="rover_chassic_Motor.cpp">
      <Filter>Source Files</Filter>
    </ClCompile>
    <ClCompile Include="rover_commanding_CommandParser.cpp">
      <Filter>Source Files</Filter>
    </ClCompile>
    <ClCompile Include="rover_commanding_Command.cpp">
      <Filter>Source Files</Filter>
    </ClCompile>
    <ClCompile Include="rover_commanding_ChassicCommandInterpreter.cpp">
      <Filter>Source Files</Filter>
    </ClCompile>
    <ClCompile Include="rover_commanding_CameraMountCommandInterpreter.cpp">
      <Filter>Source Files</Filter>
    </ClCompile>
    <ClCompile Include="rover_chassic_RangingSensor.cpp">
      <Filter>Source Files</Filter>
    </ClCompile>
    <ClCompile Include="rover_commanding_SensorCommandInterpreter.cpp">
      <Filter>Source Files</Filter>
    </ClCompile>
    <ClCompile Include="rover_commanding_CompositeCommandInterpreter.cpp">
      <Filter>Source Files</Filter>
    </ClCompile>
    <ClCompile Include="rover_commanding_CommandReader.cpp">
      <Filter>Source Files</Filter>
    </ClCompile>
    <ClCompile Include="rover_telemetry_Channel.cpp">
      <Filter>Source Files</Filter>
    </ClCompile>
    <ClCompile Include="rover_telemetry_CmdReplyTelemetryMessage.cpp">
      <Filter>Source Files</Filter>
    </ClCompile>
    <ClCompile Include="rover_telemetry_DistanceTelemetryMessage.cpp">
      <Filter>Source Files</Filter>
    </ClCompile>
    <ClCompile Include="rover_telemetry_Logger.cpp">
      <Filter>Source Files</Filter>
    </ClCompile>
    <ClCompile Include="rover_telemetry_LogTelemetryMessage.cpp">
      <Filter>Source Files</Filter>
    </ClCompile>
    <ClCompile Include="rover_telemetry_TelemetryMessage.cpp">
      <Filter>Source Files</Filter>
    </ClCompile>
    <ClCompile Include="rover_telemetry_UartChannel.cpp">
      <Filter>Source Files</Filter>
    </ClCompile>
  </ItemGroup>
</Project>